
Microsoft Visual Studio Solution File, Format Version 12.00
Project("{FAE04EC0-301F-11D3-BF4B-00C04F79EFBC}") = "CajunCars", "CajunCars\CajunCars.csproj", "{6B9BADAB-D32E-4FBF-9E57-85DF34517866}"
EndProject
Global
	GlobalSection(SolutionConfigurationPlatforms) = preSolution
		Debug|Any CPU = Debug|Any CPU
		Release|Any CPU = Release|Any CPU
	EndGlobalSection
	GlobalSection(ProjectConfigurationPlatforms) = postSolution
		{6B9BADAB-D32E-4FBF-9E57-85DF34517866}.Debug|Any CPU.ActiveCfg = Debug|Any CPU
		{6B9BADAB-D32E-4FBF-9E57-85DF34517866}.Debug|Any CPU.Build.0 = Debug|Any CPU
		{6B9BADAB-D32E-4FBF-9E57-85DF34517866}.Release|Any CPU.ActiveCfg = Release|Any CPU
		{6B9BADAB-D32E-4FBF-9E57-85DF34517866}.Release|Any CPU.Build.0 = Release|Any CPU
	EndGlobalSection
EndGlobal
